// !$*UTF8*$!
{
	archiveVersion = 1;
	classes = {
	};
	objectVersion = 46;
	objects = {

/* Begin PBXBuildFile section */
		9001FA722047E001005D8736 /* XTUIRefreshControl.m in Sources */ = {isa = PBXBuildFile; fileRef = 9001FA712047E001005D8736 /* XTUIRefreshControl.m */; };
		9001FA752047E94E005D8736 /* XTUILoadMoreControl.m in Sources */ = {isa = PBXBuildFile; fileRef = 9001FA742047E94E005D8736 /* XTUILoadMoreControl.m */; };
		9001FA7A2050018E005D8736 /* XTBaseObject.m in Sources */ = {isa = PBXBuildFile; fileRef = 9001FA792050018D005D8736 /* XTBaseObject.m */; };
		903211F02045506800272AEF /* XTFrameworkLoader.m in Sources */ = {isa = PBXBuildFile; fileRef = 903211EF2045506800272AEF /* XTFrameworkLoader.m */; };
		905708061F4EB2AF00D5EC05 /* main.m in Sources */ = {isa = PBXBuildFile; fileRef = 905708051F4EB2AF00D5EC05 /* main.m */; };
		9057080F1F4EB2AF00D5EC05 /* Main.storyboard in Resources */ = {isa = PBXBuildFile; fileRef = 9057080D1F4EB2AF00D5EC05 /* Main.storyboard */; };
		905708111F4EB2AF00D5EC05 /* Assets.xcassets in Resources */ = {isa = PBXBuildFile; fileRef = 905708101F4EB2AF00D5EC05 /* Assets.xcassets */; };
		905708141F4EB2AF00D5EC05 /* LaunchScreen.storyboard in Resources */ = {isa = PBXBuildFile; fileRef = 905708121F4EB2AF00D5EC05 /* LaunchScreen.storyboard */; };
		90AFB4F320197F4E001E9DA7 /* XTMemoryManager.m in Sources */ = {isa = PBXBuildFile; fileRef = 90AFB4E720197F4E001E9DA7 /* XTMemoryManager.m */; };
		90AFB4F420197F4E001E9DA7 /* XTDebug.m in Sources */ = {isa = PBXBuildFile; fileRef = 90AFB4EC20197F4E001E9DA7 /* XTDebug.m */; };
		90AFB4F520197F4E001E9DA7 /* XTContext.m in Sources */ = {isa = PBXBuildFile; fileRef = 90AFB4EE20197F4E001E9DA7 /* XTContext.m */; };
		90AFB4F620197F4E001E9DA7 /* XTManagedObject.m in Sources */ = {isa = PBXBuildFile; fileRef = 90AFB4EF20197F4E001E9DA7 /* XTManagedObject.m */; };
		90AFB4F720197F4E001E9DA7 /* XTPolyfill.m in Sources */ = {isa = PBXBuildFile; fileRef = 90AFB4F020197F4E001E9DA7 /* XTPolyfill.m */; };
		90AFB501201988A9001E9DA7 /* XTCore.m in Sources */ = {isa = PBXBuildFile; fileRef = 90AFB500201988A9001E9DA7 /* XTCore.m */; };
		90BB25621FBC3CB100286398 /* ModulizeAppDelegate.m in Sources */ = {isa = PBXBuildFile; fileRef = 90BB25611FBC3CB100286398 /* ModulizeAppDelegate.m */; };
		90BB25661FBC3D0F00286398 /* ModulizeStartViewController.m in Sources */ = {isa = PBXBuildFile; fileRef = 90BB25641FBC3D0F00286398 /* ModulizeStartViewController.m */; };
		90BB25671FBC3D0F00286398 /* ModulizeStartViewController.xib in Resources */ = {isa = PBXBuildFile; fileRef = 90BB25651FBC3D0F00286398 /* ModulizeStartViewController.xib */; };
		90EA879720198F5A0012A985 /* XTUIContext.m in Sources */ = {isa = PBXBuildFile; fileRef = 90EA879620198F5A0012A985 /* XTUIContext.m */; };
		90EA879C201992860012A985 /* XTUIApplication.m in Sources */ = {isa = PBXBuildFile; fileRef = 90EA8798201992850012A985 /* XTUIApplication.m */; };
		90EA879D201992860012A985 /* XTUIApplicationDelegate.m in Sources */ = {isa = PBXBuildFile; fileRef = 90EA879A201992850012A985 /* XTUIApplicationDelegate.m */; };
		90EA87D62019C0BF0012A985 /* XTUITextView.m in Sources */ = {isa = PBXBuildFile; fileRef = 90EA879E2019C0B90012A985 /* XTUITextView.m */; };
		90EA87D72019C0BF0012A985 /* XTUIImageView.m in Sources */ = {isa = PBXBuildFile; fileRef = 90EA879F2019C0B90012A985 /* XTUIImageView.m */; };
		90EA87D82019C0BF0012A985 /* XTUIImage.m in Sources */ = {isa = PBXBuildFile; fileRef = 90EA87A62019C0B90012A985 /* XTUIImage.m */; };
		90EA87D92019C0BF0012A985 /* XTUIListCell.m in Sources */ = {isa = PBXBuildFile; fileRef = 90EA87A72019C0B90012A985 /* XTUIListCell.m */; };
		90EA87DA2019C0BF0012A985 /* XTUIScrollView.m in Sources */ = {isa = PBXBuildFile; fileRef = 90EA87A92019C0BA0012A985 /* XTUIScrollView.m */; };
		90EA87DB2019C0BF0012A985 /* XTUIUtils.m in Sources */ = {isa = PBXBuildFile; fileRef = 90EA87AA2019C0BA0012A985 /* XTUIUtils.m */; };
		90EA87DC2019C0BF0012A985 /* XTUIHRView.m in Sources */ = {isa = PBXBuildFile; fileRef = 90EA87AB2019C0BA0012A985 /* XTUIHRView.m */; };
		90EA87DD2019C0BF0012A985 /* XTUIView.m in Sources */ = {isa = PBXBuildFile; fileRef = 90EA87AD2019C0BA0012A985 /* XTUIView.m */; };
		90EA87DE2019C0BF0012A985 /* XTUITextMeasurer.m in Sources */ = {isa = PBXBuildFile; fileRef = 90EA87AE2019C0BA0012A985 /* XTUITextMeasurer.m */; };
		90EA87DF2019C0BF0012A985 /* XTUICanvasView.m in Sources */ = {isa = PBXBuildFile; fileRef = 90EA87B02019C0BA0012A985 /* XTUICanvasView.m */; };
		90EA87E02019C0BF0012A985 /* XTUIFont.m in Sources */ = {isa = PBXBuildFile; fileRef = 90EA87B12019C0BA0012A985 /* XTUIFont.m */; };
		90EA87E12019C0BF0012A985 /* XTUINavigationController.m in Sources */ = {isa = PBXBuildFile; fileRef = 90EA87B32019C0BA0012A985 /* XTUINavigationController.m */; };
		90EA87E22019C0BF0012A985 /* XTUIWindow.m in Sources */ = {isa = PBXBuildFile; fileRef = 90EA87B42019C0BA0012A985 /* XTUIWindow.m */; };
		90EA87E32019C0BF0012A985 /* XTUIButton.m in Sources */ = {isa = PBXBuildFile; fileRef = 90EA87B52019C0BB0012A985 /* XTUIButton.m */; };
		90EA87E42019C0BF0012A985 /* XTUINavigationBar.m in Sources */ = {isa = PBXBuildFile; fileRef = 90EA87B62019C0BB0012A985 /* XTUINavigationBar.m */; };
		90EA87E52019C0BF0012A985 /* XTUITextField.m in Sources */ = {isa = PBXBuildFile; fileRef = 90EA87BA2019C0BB0012A985 /* XTUITextField.m */; };
		90EA87E62019C0BF0012A985 /* XTUIListView.m in Sources */ = {isa = PBXBuildFile; fileRef = 90EA87BB2019C0BB0012A985 /* XTUIListView.m */; };
		90EA87E72019C0BF0012A985 /* XTUIDevice.m in Sources */ = {isa = PBXBuildFile; fileRef = 90EA87BD2019C0BB0012A985 /* XTUIDevice.m */; };
		90EA87E82019C0BF0012A985 /* XTUIActivityIndicatorView.m in Sources */ = {isa = PBXBuildFile; fileRef = 90EA87C12019C0BC0012A985 /* XTUIActivityIndicatorView.m */; };
		90EA87E92019C0BF0012A985 /* XTUIModal.m in Sources */ = {isa = PBXBuildFile; fileRef = 90EA87C32019C0BC0012A985 /* XTUIModal.m */; };
		90EA87EA2019C0BF0012A985 /* XTUISwitch.m in Sources */ = {isa = PBXBuildFile; fileRef = 90EA87C52019C0BD0012A985 /* XTUISwitch.m */; };
		90EA87EC2019C0BF0012A985 /* XTUILayoutConstraint.m in Sources */ = {isa = PBXBuildFile; fileRef = 90EA87C92019C0BD0012A985 /* XTUILayoutConstraint.m */; };
		90EA87ED2019C0BF0012A985 /* XTUIViewController.m in Sources */ = {isa = PBXBuildFile; fileRef = 90EA87CB2019C0BD0012A985 /* XTUIViewController.m */; };
		90EA87EE2019C0BF0012A985 /* XTUIWebView.m in Sources */ = {isa = PBXBuildFile; fileRef = 90EA87CD2019C0BE0012A985 /* XTUIWebView.m */; };
		90EA87EF2019C0BF0012A985 /* XTUISlider.m in Sources */ = {isa = PBXBuildFile; fileRef = 90EA87CF2019C0BE0012A985 /* XTUISlider.m */; };
		90EA87F02019C0BF0012A985 /* XTUILabel.m in Sources */ = {isa = PBXBuildFile; fileRef = 90EA87D22019C0BE0012A985 /* XTUILabel.m */; };
		90EA87F12019C0BF0012A985 /* XTUIScreen.m in Sources */ = {isa = PBXBuildFile; fileRef = 90EA87D32019C0BE0012A985 /* XTUIScreen.m */; };
		90EA87F32019C48F0012A985 /* xt.uikit.ios.min.js in Resources */ = {isa = PBXBuildFile; fileRef = 90EA87F22019C48E0012A985 /* xt.uikit.ios.min.js */; };
		90EA87F5201AD13F0012A985 /* sample.min.js in Resources */ = {isa = PBXBuildFile; fileRef = 90EA87F4201AD13F0012A985 /* sample.min.js */; };
		90EA880C201AE0F80012A985 /* XTFFileManager.m in Sources */ = {isa = PBXBuildFile; fileRef = 90EA87F6201AE0F70012A985 /* XTFFileManager.m */; };
		90EA880D201AE0F80012A985 /* XTFURLResponse.m in Sources */ = {isa = PBXBuildFile; fileRef = 90EA87FC201AE0F70012A985 /* XTFURLResponse.m */; };
		90EA880E201AE0F80012A985 /* XTFURLSession.m in Sources */ = {isa = PBXBuildFile; fileRef = 90EA87FE201AE0F70012A985 /* XTFURLSession.m */; };
		90EA880F201AE0F80012A985 /* XTFURLSessionTask.m in Sources */ = {isa = PBXBuildFile; fileRef = 90EA8800201AE0F70012A985 /* XTFURLSessionTask.m */; };
		90EA8810201AE0F80012A985 /* XTFUserDefaults.m in Sources */ = {isa = PBXBuildFile; fileRef = 90EA8802201AE0F80012A985 /* XTFUserDefaults.m */; };
		90EA8811201AE0F80012A985 /* XTFWebSocket.m in Sources */ = {isa = PBXBuildFile; fileRef = 90EA8803201AE0F80012A985 /* XTFWebSocket.m */; };
		90EA8812201AE0F80012A985 /* XTFNotification.m in Sources */ = {isa = PBXBuildFile; fileRef = 90EA8804201AE0F80012A985 /* XTFNotification.m */; };
		90EA8813201AE0F80012A985 /* XTFoundationContext.m in Sources */ = {isa = PBXBuildFile; fileRef = 90EA8805201AE0F80012A985 /* XTFoundationContext.m */; };
		90EA8815201AE0F80012A985 /* XTFURLRequest.m in Sources */ = {isa = PBXBuildFile; fileRef = 90EA8809201AE0F80012A985 /* XTFURLRequest.m */; };
		90EA8816201AE0F80012A985 /* XTFData.m in Sources */ = {isa = PBXBuildFile; fileRef = 90EA880B201AE0F80012A985 /* XTFData.m */; };
		90EA8818201AE5C50012A985 /* xt.foundation.ios.min.js in Resources */ = {isa = PBXBuildFile; fileRef = 90EA8817201AE5C40012A985 /* xt.foundation.ios.min.js */; };
		90EA881B201B2A0C0012A985 /* XTClassLoader.m in Sources */ = {isa = PBXBuildFile; fileRef = 90EA8819201B2A0C0012A985 /* XTClassLoader.m */; };
		90EA881D201B2D470012A985 /* xt.core.ios.min.js in Resources */ = {isa = PBXBuildFile; fileRef = 90EA881C201B2D470012A985 /* xt.core.ios.min.js */; };
		90EA8820201B2FBC0012A985 /* FooClass.m in Sources */ = {isa = PBXBuildFile; fileRef = 90EA881F201B2FBC0012A985 /* FooClass.m */; };
		90EE56F420562A14006AD6FD /* XTExtObject.m in Sources */ = {isa = PBXBuildFile; fileRef = 90EE56F320562A14006AD6FD /* XTExtObject.m */; };
		B8D72A0A1105D65D76D476D3 /* libPods-XTSample.a in Frameworks */ = {isa = PBXBuildFile; fileRef = E64B919FD46226B773416D45 /* libPods-XTSample.a */; };
/* End PBXBuildFile section */

/* Begin PBXFileReference section */
		25EE665DB52F06D34BBBD159 /* Pods-XTSample.release.xcconfig */ = {isa = PBXFileReference; includeInIndex = 1; lastKnownFileType = text.xcconfig; name = "Pods-XTSample.release.xcconfig"; path = "Pods/Target Support Files/Pods-XTSample/Pods-XTSample.release.xcconfig"; sourceTree = "<group>"; };
		9001FA702047E001005D8736 /* XTUIRefreshControl.h */ = {isa = PBXFileReference; lastKnownFileType = sourcecode.c.h; path = XTUIRefreshControl.h; sourceTree = "<group>"; };
		9001FA712047E001005D8736 /* XTUIRefreshControl.m */ = {isa = PBXFileReference; lastKnownFileType = sourcecode.c.objc; path = XTUIRefreshControl.m; sourceTree = "<group>"; };
		9001FA732047E94E005D8736 /* XTUILoadMoreControl.h */ = {isa = PBXFileReference; lastKnownFileType = sourcecode.c.h; path = XTUILoadMoreControl.h; sourceTree = "<group>"; };
		9001FA742047E94E005D8736 /* XTUILoadMoreControl.m */ = {isa = PBXFileReference; lastKnownFileType = sourcecode.c.objc; path = XTUILoadMoreControl.m; sourceTree = "<group>"; };
		9001FA76204FEE66005D8736 /* XTBaseObject.h */ = {isa = PBXFileReference; lastKnownFileType = sourcecode.c.h; path = XTBaseObject.h; sourceTree = "<group>"; };
		9001FA792050018D005D8736 /* XTBaseObject.m */ = {isa = PBXFileReference; fileEncoding = 4; lastKnownFileType = sourcecode.c.objc; path = XTBaseObject.m; sourceTree = "<group>"; };
		903211EE2045506800272AEF /* XTFrameworkLoader.h */ = {isa = PBXFileReference; lastKnownFileType = sourcecode.c.h; path = XTFrameworkLoader.h; sourceTree = "<group>"; };
		903211EF2045506800272AEF /* XTFrameworkLoader.m */ = {isa = PBXFileReference; lastKnownFileType = sourcecode.c.objc; path = XTFrameworkLoader.m; sourceTree = "<group>"; };
		905708011F4EB2AF00D5EC05 /* XTSample.app */ = {isa = PBXFileReference; explicitFileType = wrapper.application; includeInIndex = 0; path = XTSample.app; sourceTree = BUILT_PRODUCTS_DIR; };
		905708051F4EB2AF00D5EC05 /* main.m */ = {isa = PBXFileReference; lastKnownFileType = sourcecode.c.objc; path = main.m; sourceTree = "<group>"; };
		9057080E1F4EB2AF00D5EC05 /* Base */ = {isa = PBXFileReference; lastKnownFileType = file.storyboard; name = Base; path = Base.lproj/Main.storyboard; sourceTree = "<group>"; };
		905708101F4EB2AF00D5EC05 /* Assets.xcassets */ = {isa = PBXFileReference; lastKnownFileType = folder.assetcatalog; path = Assets.xcassets; sourceTree = "<group>"; };
		905708131F4EB2AF00D5EC05 /* Base */ = {isa = PBXFileReference; lastKnownFileType = file.storyboard; name = Base; path = Base.lproj/LaunchScreen.storyboard; sourceTree = "<group>"; };
		905708151F4EB2AF00D5EC05 /* Info.plist */ = {isa = PBXFileReference; lastKnownFileType = text.plist.xml; path = Info.plist; sourceTree = "<group>"; };
		90AFB4E720197F4E001E9DA7 /* XTMemoryManager.m */ = {isa = PBXFileReference; fileEncoding = 4; lastKnownFileType = sourcecode.c.objc; path = XTMemoryManager.m; sourceTree = "<group>"; };
		90AFB4E820197F4E001E9DA7 /* XTPolyfill.h */ = {isa = PBXFileReference; fileEncoding = 4; lastKnownFileType = sourcecode.c.h; path = XTPolyfill.h; sourceTree = "<group>"; };
		90AFB4E920197F4E001E9DA7 /* XTMemoryManager.h */ = {isa = PBXFileReference; fileEncoding = 4; lastKnownFileType = sourcecode.c.h; path = XTMemoryManager.h; sourceTree = "<group>"; };
		90AFB4EA20197F4E001E9DA7 /* XTManagedObject.h */ = {isa = PBXFileReference; fileEncoding = 4; lastKnownFileType = sourcecode.c.h; path = XTManagedObject.h; sourceTree = "<group>"; };
		90AFB4EB20197F4E001E9DA7 /* XTComponent.h */ = {isa = PBXFileReference; fileEncoding = 4; lastKnownFileType = sourcecode.c.h; path = XTComponent.h; sourceTree = "<group>"; };
		90AFB4EC20197F4E001E9DA7 /* XTDebug.m */ = {isa = PBXFileReference; fileEncoding = 4; lastKnownFileType = sourcecode.c.objc; path = XTDebug.m; sourceTree = "<group>"; };
		90AFB4ED20197F4E001E9DA7 /* XTDebug.h */ = {isa = PBXFileReference; fileEncoding = 4; lastKnownFileType = sourcecode.c.h; path = XTDebug.h; sourceTree = "<group>"; };
		90AFB4EE20197F4E001E9DA7 /* XTContext.m */ = {isa = PBXFileReference; fileEncoding = 4; lastKnownFileType = sourcecode.c.objc; path = XTContext.m; sourceTree = "<group>"; };
		90AFB4EF20197F4E001E9DA7 /* XTManagedObject.m */ = {isa = PBXFileReference; fileEncoding = 4; lastKnownFileType = sourcecode.c.objc; path = XTManagedObject.m; sourceTree = "<group>"; };
		90AFB4F020197F4E001E9DA7 /* XTPolyfill.m */ = {isa = PBXFileReference; fileEncoding = 4; lastKnownFileType = sourcecode.c.objc; path = XTPolyfill.m; sourceTree = "<group>"; };
		90AFB4F220197F4E001E9DA7 /* XTContext.h */ = {isa = PBXFileReference; fileEncoding = 4; lastKnownFileType = sourcecode.c.h; path = XTContext.h; sourceTree = "<group>"; };
		90AFB4FF201988A9001E9DA7 /* XTCore.h */ = {isa = PBXFileReference; lastKnownFileType = sourcecode.c.h; path = XTCore.h; sourceTree = "<group>"; };
		90AFB500201988A9001E9DA7 /* XTCore.m */ = {isa = PBXFileReference; lastKnownFileType = sourcecode.c.objc; path = XTCore.m; sourceTree = "<group>"; };
		90BB25601FBC3CB100286398 /* ModulizeAppDelegate.h */ = {isa = PBXFileReference; lastKnownFileType = sourcecode.c.h; path = ModulizeAppDelegate.h; sourceTree = "<group>"; };
		90BB25611FBC3CB100286398 /* ModulizeAppDelegate.m */ = {isa = PBXFileReference; lastKnownFileType = sourcecode.c.objc; path = ModulizeAppDelegate.m; sourceTree = "<group>"; };
		90BB25631FBC3D0F00286398 /* ModulizeStartViewController.h */ = {isa = PBXFileReference; lastKnownFileType = sourcecode.c.h; path = ModulizeStartViewController.h; sourceTree = "<group>"; };
		90BB25641FBC3D0F00286398 /* ModulizeStartViewController.m */ = {isa = PBXFileReference; lastKnownFileType = sourcecode.c.objc; path = ModulizeStartViewController.m; sourceTree = "<group>"; };
		90BB25651FBC3D0F00286398 /* ModulizeStartViewController.xib */ = {isa = PBXFileReference; lastKnownFileType = file.xib; path = ModulizeStartViewController.xib; sourceTree = "<group>"; };
		90EA879520198F5A0012A985 /* XTUIContext.h */ = {isa = PBXFileReference; fileEncoding = 4; lastKnownFileType = sourcecode.c.h; path = XTUIContext.h; sourceTree = "<group>"; };
		90EA879620198F5A0012A985 /* XTUIContext.m */ = {isa = PBXFileReference; fileEncoding = 4; lastKnownFileType = sourcecode.c.objc; path = XTUIContext.m; sourceTree = "<group>"; };
		90EA8798201992850012A985 /* XTUIApplication.m */ = {isa = PBXFileReference; fileEncoding = 4; lastKnownFileType = sourcecode.c.objc; path = XTUIApplication.m; sourceTree = "<group>"; };
		90EA8799201992850012A985 /* XTUIApplication.h */ = {isa = PBXFileReference; fileEncoding = 4; lastKnownFileType = sourcecode.c.h; path = XTUIApplication.h; sourceTree = "<group>"; };
		90EA879A201992850012A985 /* XTUIApplicationDelegate.m */ = {isa = PBXFileReference; fileEncoding = 4; lastKnownFileType = sourcecode.c.objc; path = XTUIApplicationDelegate.m; sourceTree = "<group>"; };
		90EA879B201992860012A985 /* XTUIApplicationDelegate.h */ = {isa = PBXFileReference; fileEncoding = 4; lastKnownFileType = sourcecode.c.h; path = XTUIApplicationDelegate.h; sourceTree = "<group>"; };
		90EA879E2019C0B90012A985 /* XTUITextView.m */ = {isa = PBXFileReference; fileEncoding = 4; lastKnownFileType = sourcecode.c.objc; path = XTUITextView.m; sourceTree = "<group>"; };
		90EA879F2019C0B90012A985 /* XTUIImageView.m */ = {isa = PBXFileReference; fileEncoding = 4; lastKnownFileType = sourcecode.c.objc; path = XTUIImageView.m; sourceTree = "<group>"; };
		90EA87A02019C0B90012A985 /* XTUIWebView.h */ = {isa = PBXFileReference; fileEncoding = 4; lastKnownFileType = sourcecode.c.h; path = XTUIWebView.h; sourceTree = "<group>"; };
		90EA87A12019C0B90012A985 /* XTUIDevice.h */ = {isa = PBXFileReference; fileEncoding = 4; lastKnownFileType = sourcecode.c.h; path = XTUIDevice.h; sourceTree = "<group>"; };
		90EA87A22019C0B90012A985 /* XTUIView.h */ = {isa = PBXFileReference; fileEncoding = 4; lastKnownFileType = sourcecode.c.h; path = XTUIView.h; sourceTree = "<group>"; };
		90EA87A32019C0B90012A985 /* XTUIWindow.h */ = {isa = PBXFileReference; fileEncoding = 4; lastKnownFileType = sourcecode.c.h; path = XTUIWindow.h; sourceTree = "<group>"; };
		90EA87A42019C0B90012A985 /* XTUIListCell.h */ = {isa = PBXFileReference; fileEncoding = 4; lastKnownFileType = sourcecode.c.h; path = XTUIListCell.h; sourceTree = "<group>"; };
		90EA87A52019C0B90012A985 /* XTUITextView.h */ = {isa = PBXFileReference; fileEncoding = 4; lastKnownFileType = sourcecode.c.h; path = XTUITextView.h; sourceTree = "<group>"; };
		90EA87A62019C0B90012A985 /* XTUIImage.m */ = {isa = PBXFileReference; fileEncoding = 4; lastKnownFileType = sourcecode.c.objc; path = XTUIImage.m; sourceTree = "<group>"; };
		90EA87A72019C0B90012A985 /* XTUIListCell.m */ = {isa = PBXFileReference; fileEncoding = 4; lastKnownFileType = sourcecode.c.objc; path = XTUIListCell.m; sourceTree = "<group>"; };
		90EA87A82019C0BA0012A985 /* XTUIUtils.h */ = {isa = PBXFileReference; fileEncoding = 4; lastKnownFileType = sourcecode.c.h; path = XTUIUtils.h; sourceTree = "<group>"; };
		90EA87A92019C0BA0012A985 /* XTUIScrollView.m */ = {isa = PBXFileReference; fileEncoding = 4; lastKnownFileType = sourcecode.c.objc; path = XTUIScrollView.m; sourceTree = "<group>"; };
		90EA87AA2019C0BA0012A985 /* XTUIUtils.m */ = {isa = PBXFileReference; fileEncoding = 4; lastKnownFileType = sourcecode.c.objc; path = XTUIUtils.m; sourceTree = "<group>"; };
		90EA87AB2019C0BA0012A985 /* XTUIHRView.m */ = {isa = PBXFileReference; fileEncoding = 4; lastKnownFileType = sourcecode.c.objc; path = XTUIHRView.m; sourceTree = "<group>"; };
		90EA87AC2019C0BA0012A985 /* XTUICanvasView.h */ = {isa = PBXFileReference; fileEncoding = 4; lastKnownFileType = sourcecode.c.h; path = XTUICanvasView.h; sourceTree = "<group>"; };
		90EA87AD2019C0BA0012A985 /* XTUIView.m */ = {isa = PBXFileReference; fileEncoding = 4; lastKnownFileType = sourcecode.c.objc; path = XTUIView.m; sourceTree = "<group>"; };
		90EA87AE2019C0BA0012A985 /* XTUITextMeasurer.m */ = {isa = PBXFileReference; fileEncoding = 4; lastKnownFileType = sourcecode.c.objc; path = XTUITextMeasurer.m; sourceTree = "<group>"; };
		90EA87AF2019C0BA0012A985 /* XTUITextMeasurer.h */ = {isa = PBXFileReference; fileEncoding = 4; lastKnownFileType = sourcecode.c.h; path = XTUITextMeasurer.h; sourceTree = "<group>"; };
		90EA87B02019C0BA0012A985 /* XTUICanvasView.m */ = {isa = PBXFileReference; fileEncoding = 4; lastKnownFileType = sourcecode.c.objc; path = XTUICanvasView.m; sourceTree = "<group>"; };
		90EA87B12019C0BA0012A985 /* XTUIFont.m */ = {isa = PBXFileReference; fileEncoding = 4; lastKnownFileType = sourcecode.c.objc; path = XTUIFont.m; sourceTree = "<group>"; };
		90EA87B22019C0BA0012A985 /* XTUIScreen.h */ = {isa = PBXFileReference; fileEncoding = 4; lastKnownFileType = sourcecode.c.h; path = XTUIScreen.h; sourceTree = "<group>"; };
		90EA87B32019C0BA0012A985 /* XTUINavigationController.m */ = {isa = PBXFileReference; fileEncoding = 4; lastKnownFileType = sourcecode.c.objc; path = XTUINavigationController.m; sourceTree = "<group>"; };
		90EA87B42019C0BA0012A985 /* XTUIWindow.m */ = {isa = PBXFileReference; fileEncoding = 4; lastKnownFileType = sourcecode.c.objc; path = XTUIWindow.m; sourceTree = "<group>"; };
		90EA87B52019C0BB0012A985 /* XTUIButton.m */ = {isa = PBXFileReference; fileEncoding = 4; lastKnownFileType = sourcecode.c.objc; path = XTUIButton.m; sourceTree = "<group>"; };
		90EA87B62019C0BB0012A985 /* XTUINavigationBar.m */ = {isa = PBXFileReference; fileEncoding = 4; lastKnownFileType = sourcecode.c.objc; path = XTUINavigationBar.m; sourceTree = "<group>"; };
		90EA87B72019C0BB0012A985 /* XTUIActivityIndicatorView.h */ = {isa = PBXFileReference; fileEncoding = 4; lastKnownFileType = sourcecode.c.h; path = XTUIActivityIndicatorView.h; sourceTree = "<group>"; };
		90EA87B92019C0BB0012A985 /* XTUINavigationController.h */ = {isa = PBXFileReference; fileEncoding = 4; lastKnownFileType = sourcecode.c.h; path = XTUINavigationController.h; sourceTree = "<group>"; };
		90EA87BA2019C0BB0012A985 /* XTUITextField.m */ = {isa = PBXFileReference; fileEncoding = 4; lastKnownFileType = sourcecode.c.objc; path = XTUITextField.m; sourceTree = "<group>"; };
		90EA87BB2019C0BB0012A985 /* XTUIListView.m */ = {isa = PBXFileReference; fileEncoding = 4; lastKnownFileType = sourcecode.c.objc; path = XTUIListView.m; sourceTree = "<group>"; };
		90EA87BC2019C0BB0012A985 /* XTUIModal.h */ = {isa = PBXFileReference; fileEncoding = 4; lastKnownFileType = sourcecode.c.h; path = XTUIModal.h; sourceTree = "<group>"; };
		90EA87BD2019C0BB0012A985 /* XTUIDevice.m */ = {isa = PBXFileReference; fileEncoding = 4; lastKnownFileType = sourcecode.c.objc; path = XTUIDevice.m; sourceTree = "<group>"; };
		90EA87BE2019C0BC0012A985 /* XTUIImageView.h */ = {isa = PBXFileReference; fileEncoding = 4; lastKnownFileType = sourcecode.c.h; path = XTUIImageView.h; sourceTree = "<group>"; };
		90EA87BF2019C0BC0012A985 /* XTUIScrollView.h */ = {isa = PBXFileReference; fileEncoding = 4; lastKnownFileType = sourcecode.c.h; path = XTUIScrollView.h; sourceTree = "<group>"; };
		90EA87C02019C0BC0012A985 /* XTUIHRView.h */ = {isa = PBXFileReference; fileEncoding = 4; lastKnownFileType = sourcecode.c.h; path = XTUIHRView.h; sourceTree = "<group>"; };
		90EA87C12019C0BC0012A985 /* XTUIActivityIndicatorView.m */ = {isa = PBXFileReference; fileEncoding = 4; lastKnownFileType = sourcecode.c.objc; path = XTUIActivityIndicatorView.m; sourceTree = "<group>"; };
		90EA87C22019C0BC0012A985 /* XTUIFont.h */ = {isa = PBXFileReference; fileEncoding = 4; lastKnownFileType = sourcecode.c.h; path = XTUIFont.h; sourceTree = "<group>"; };
		90EA87C32019C0BC0012A985 /* XTUIModal.m */ = {isa = PBXFileReference; fileEncoding = 4; lastKnownFileType = sourcecode.c.objc; path = XTUIModal.m; sourceTree = "<group>"; };
		90EA87C42019C0BC0012A985 /* XTUINavigationBar.h */ = {isa = PBXFileReference; fileEncoding = 4; lastKnownFileType = sourcecode.c.h; path = XTUINavigationBar.h; sourceTree = "<group>"; };
		90EA87C52019C0BD0012A985 /* XTUISwitch.m */ = {isa = PBXFileReference; fileEncoding = 4; lastKnownFileType = sourcecode.c.objc; path = XTUISwitch.m; sourceTree = "<group>"; };
		90EA87C62019C0BD0012A985 /* XTUIImage.h */ = {isa = PBXFileReference; fileEncoding = 4; lastKnownFileType = sourcecode.c.h; path = XTUIImage.h; sourceTree = "<group>"; };
		90EA87C72019C0BD0012A985 /* XTUIListView.h */ = {isa = PBXFileReference; fileEncoding = 4; lastKnownFileType = sourcecode.c.h; path = XTUIListView.h; sourceTree = "<group>"; };
		90EA87C92019C0BD0012A985 /* XTUILayoutConstraint.m */ = {isa = PBXFileReference; fileEncoding = 4; lastKnownFileType = sourcecode.c.objc; path = XTUILayoutConstraint.m; sourceTree = "<group>"; };
		90EA87CA2019C0BD0012A985 /* XTUILabel.h */ = {isa = PBXFileReference; fileEncoding = 4; lastKnownFileType = sourcecode.c.h; path = XTUILabel.h; sourceTree = "<group>"; };
		90EA87CB2019C0BD0012A985 /* XTUIViewController.m */ = {isa = PBXFileReference; fileEncoding = 4; lastKnownFileType = sourcecode.c.objc; path = XTUIViewController.m; sourceTree = "<group>"; };
		90EA87CC2019C0BD0012A985 /* XTUILayoutConstraint.h */ = {isa = PBXFileReference; fileEncoding = 4; lastKnownFileType = sourcecode.c.h; path = XTUILayoutConstraint.h; sourceTree = "<group>"; };
		90EA87CD2019C0BE0012A985 /* XTUIWebView.m */ = {isa = PBXFileReference; fileEncoding = 4; lastKnownFileType = sourcecode.c.objc; path = XTUIWebView.m; sourceTree = "<group>"; };
		90EA87CE2019C0BE0012A985 /* XTUISlider.h */ = {isa = PBXFileReference; fileEncoding = 4; lastKnownFileType = sourcecode.c.h; path = XTUISlider.h; sourceTree = "<group>"; };
		90EA87CF2019C0BE0012A985 /* XTUISlider.m */ = {isa = PBXFileReference; fileEncoding = 4; lastKnownFileType = sourcecode.c.objc; path = XTUISlider.m; sourceTree = "<group>"; };
		90EA87D02019C0BE0012A985 /* XTUIViewController.h */ = {isa = PBXFileReference; fileEncoding = 4; lastKnownFileType = sourcecode.c.h; path = XTUIViewController.h; sourceTree = "<group>"; };
		90EA87D12019C0BE0012A985 /* XTUITextField.h */ = {isa = PBXFileReference; fileEncoding = 4; lastKnownFileType = sourcecode.c.h; path = XTUITextField.h; sourceTree = "<group>"; };
		90EA87D22019C0BE0012A985 /* XTUILabel.m */ = {isa = PBXFileReference; fileEncoding = 4; lastKnownFileType = sourcecode.c.objc; path = XTUILabel.m; sourceTree = "<group>"; };
		90EA87D32019C0BE0012A985 /* XTUIScreen.m */ = {isa = PBXFileReference; fileEncoding = 4; lastKnownFileType = sourcecode.c.objc; path = XTUIScreen.m; sourceTree = "<group>"; };
		90EA87D42019C0BF0012A985 /* XTUISwitch.h */ = {isa = PBXFileReference; fileEncoding = 4; lastKnownFileType = sourcecode.c.h; path = XTUISwitch.h; sourceTree = "<group>"; };
		90EA87D52019C0BF0012A985 /* XTUIButton.h */ = {isa = PBXFileReference; fileEncoding = 4; lastKnownFileType = sourcecode.c.h; path = XTUIButton.h; sourceTree = "<group>"; };
		90EA87F22019C48E0012A985 /* xt.uikit.ios.min.js */ = {isa = PBXFileReference; fileEncoding = 4; lastKnownFileType = sourcecode.javascript; path = xt.uikit.ios.min.js; sourceTree = "<group>"; };
		90EA87F4201AD13F0012A985 /* sample.min.js */ = {isa = PBXFileReference; fileEncoding = 4; lastKnownFileType = sourcecode.javascript; name = sample.min.js; path = ../../dist/Sample/sample.min.js; sourceTree = "<group>"; };
		90EA87F6201AE0F70012A985 /* XTFFileManager.m */ = {isa = PBXFileReference; fileEncoding = 4; lastKnownFileType = sourcecode.c.objc; path = XTFFileManager.m; sourceTree = "<group>"; };
		90EA87F7201AE0F70012A985 /* XTFUserDefaults.h */ = {isa = PBXFileReference; fileEncoding = 4; lastKnownFileType = sourcecode.c.h; path = XTFUserDefaults.h; sourceTree = "<group>"; };
		90EA87F8201AE0F70012A985 /* XTFData.h */ = {isa = PBXFileReference; fileEncoding = 4; lastKnownFileType = sourcecode.c.h; path = XTFData.h; sourceTree = "<group>"; };
		90EA87F9201AE0F70012A985 /* XTFFileManager.h */ = {isa = PBXFileReference; fileEncoding = 4; lastKnownFileType = sourcecode.c.h; path = XTFFileManager.h; sourceTree = "<group>"; };
		90EA87FB201AE0F70012A985 /* XTFoundationContext.h */ = {isa = PBXFileReference; fileEncoding = 4; lastKnownFileType = sourcecode.c.h; path = XTFoundationContext.h; sourceTree = "<group>"; };
		90EA87FC201AE0F70012A985 /* XTFURLResponse.m */ = {isa = PBXFileReference; fileEncoding = 4; lastKnownFileType = sourcecode.c.objc; path = XTFURLResponse.m; sourceTree = "<group>"; };
		90EA87FD201AE0F70012A985 /* XTFNotification.h */ = {isa = PBXFileReference; fileEncoding = 4; lastKnownFileType = sourcecode.c.h; path = XTFNotification.h; sourceTree = "<group>"; };
		90EA87FE201AE0F70012A985 /* XTFURLSession.m */ = {isa = PBXFileReference; fileEncoding = 4; lastKnownFileType = sourcecode.c.objc; path = XTFURLSession.m; sourceTree = "<group>"; };
		90EA87FF201AE0F70012A985 /* XTFURLSession.h */ = {isa = PBXFileReference; fileEncoding = 4; lastKnownFileType = sourcecode.c.h; path = XTFURLSession.h; sourceTree = "<group>"; };
		90EA8800201AE0F70012A985 /* XTFURLSessionTask.m */ = {isa = PBXFileReference; fileEncoding = 4; lastKnownFileType = sourcecode.c.objc; path = XTFURLSessionTask.m; sourceTree = "<group>"; };
		90EA8801201AE0F80012A985 /* XTFWebSocket.h */ = {isa = PBXFileReference; fileEncoding = 4; lastKnownFileType = sourcecode.c.h; path = XTFWebSocket.h; sourceTree = "<group>"; };
		90EA8802201AE0F80012A985 /* XTFUserDefaults.m */ = {isa = PBXFileReference; fileEncoding = 4; lastKnownFileType = sourcecode.c.objc; path = XTFUserDefaults.m; sourceTree = "<group>"; };
		90EA8803201AE0F80012A985 /* XTFWebSocket.m */ = {isa = PBXFileReference; fileEncoding = 4; lastKnownFileType = sourcecode.c.objc; path = XTFWebSocket.m; sourceTree = "<group>"; };
		90EA8804201AE0F80012A985 /* XTFNotification.m */ = {isa = PBXFileReference; fileEncoding = 4; lastKnownFileType = sourcecode.c.objc; path = XTFNotification.m; sourceTree = "<group>"; };
		90EA8805201AE0F80012A985 /* XTFoundationContext.m */ = {isa = PBXFileReference; fileEncoding = 4; lastKnownFileType = sourcecode.c.objc; path = XTFoundationContext.m; sourceTree = "<group>"; };
		90EA8807201AE0F80012A985 /* XTFURLRequest.h */ = {isa = PBXFileReference; fileEncoding = 4; lastKnownFileType = sourcecode.c.h; path = XTFURLRequest.h; sourceTree = "<group>"; };
		90EA8808201AE0F80012A985 /* XTFURLResponse.h */ = {isa = PBXFileReference; fileEncoding = 4; lastKnownFileType = sourcecode.c.h; path = XTFURLResponse.h; sourceTree = "<group>"; };
		90EA8809201AE0F80012A985 /* XTFURLRequest.m */ = {isa = PBXFileReference; fileEncoding = 4; lastKnownFileType = sourcecode.c.objc; path = XTFURLRequest.m; sourceTree = "<group>"; };
		90EA880A201AE0F80012A985 /* XTFURLSessionTask.h */ = {isa = PBXFileReference; fileEncoding = 4; lastKnownFileType = sourcecode.c.h; path = XTFURLSessionTask.h; sourceTree = "<group>"; };
		90EA880B201AE0F80012A985 /* XTFData.m */ = {isa = PBXFileReference; fileEncoding = 4; lastKnownFileType = sourcecode.c.objc; path = XTFData.m; sourceTree = "<group>"; };
		90EA8817201AE5C40012A985 /* xt.foundation.ios.min.js */ = {isa = PBXFileReference; fileEncoding = 4; lastKnownFileType = sourcecode.javascript; path = xt.foundation.ios.min.js; sourceTree = "<group>"; };
		90EA8819201B2A0C0012A985 /* XTClassLoader.m */ = {isa = PBXFileReference; fileEncoding = 4; lastKnownFileType = sourcecode.c.objc; path = XTClassLoader.m; sourceTree = "<group>"; };
		90EA881A201B2A0C0012A985 /* XTClassLoader.h */ = {isa = PBXFileReference; fileEncoding = 4; lastKnownFileType = sourcecode.c.h; path = XTClassLoader.h; sourceTree = "<group>"; };
		90EA881C201B2D470012A985 /* xt.core.ios.min.js */ = {isa = PBXFileReference; fileEncoding = 4; lastKnownFileType = sourcecode.javascript; path = xt.core.ios.min.js; sourceTree = "<group>"; };
		90EA881E201B2FBC0012A985 /* FooClass.h */ = {isa = PBXFileReference; lastKnownFileType = sourcecode.c.h; path = FooClass.h; sourceTree = "<group>"; };
		90EA881F201B2FBC0012A985 /* FooClass.m */ = {isa = PBXFileReference; lastKnownFileType = sourcecode.c.objc; path = FooClass.m; sourceTree = "<group>"; };
		90EE56F220562A14006AD6FD /* XTExtObject.h */ = {isa = PBXFileReference; lastKnownFileType = sourcecode.c.h; path = XTExtObject.h; sourceTree = "<group>"; };
		90EE56F320562A14006AD6FD /* XTExtObject.m */ = {isa = PBXFileReference; lastKnownFileType = sourcecode.c.objc; path = XTExtObject.m; sourceTree = "<group>"; };
		E2362DDEEAB492E0B2DFC3DA /* Pods-XTSample.debug.xcconfig */ = {isa = PBXFileReference; includeInIndex = 1; lastKnownFileType = text.xcconfig; name = "Pods-XTSample.debug.xcconfig"; path = "Pods/Target Support Files/Pods-XTSample/Pods-XTSample.debug.xcconfig"; sourceTree = "<group>"; };
		E64B919FD46226B773416D45 /* libPods-XTSample.a */ = {isa = PBXFileReference; explicitFileType = archive.ar; includeInIndex = 0; path = "libPods-XTSample.a"; sourceTree = BUILT_PRODUCTS_DIR; };
/* End PBXFileReference section */

/* Begin PBXFrameworksBuildPhase section */
		905707FE1F4EB2AF00D5EC05 /* Frameworks */ = {
			isa = PBXFrameworksBuildPhase;
			buildActionMask = 2147483647;
			files = (
				B8D72A0A1105D65D76D476D3 /* libPods-XTSample.a in Frameworks */,
			);
			runOnlyForDeploymentPostprocessing = 0;
		};
/* End PBXFrameworksBuildPhase section */

/* Begin PBXGroup section */
		441D7046C3AF33C4ABAB3DC4 /* Frameworks */ = {
			isa = PBXGroup;
			children = (
				E64B919FD46226B773416D45 /* libPods-XTSample.a */,
			);
			name = Frameworks;
			sourceTree = "<group>";
		};
		905707F81F4EB2AF00D5EC05 = {
			isa = PBXGroup;
			children = (
				90AFB4E320197B09001E9DA7 /* Sources */,
				905708031F4EB2AF00D5EC05 /* XTSample */,
				905708021F4EB2AF00D5EC05 /* Products */,
				AF8FAB6A1E94CA03F7B49759 /* Pods */,
				441D7046C3AF33C4ABAB3DC4 /* Frameworks */,
			);
			sourceTree = "<group>";
		};
		905708021F4EB2AF00D5EC05 /* Products */ = {
			isa = PBXGroup;
			children = (
				905708011F4EB2AF00D5EC05 /* XTSample.app */,
			);
			name = Products;
			sourceTree = "<group>";
		};
		905708031F4EB2AF00D5EC05 /* XTSample */ = {
			isa = PBXGroup;
			children = (
				90BB255D1FBC3C4800286398 /* Modulize */,
				90EA881E201B2FBC0012A985 /* FooClass.h */,
				90EA881F201B2FBC0012A985 /* FooClass.m */,
				90EA87F4201AD13F0012A985 /* sample.min.js */,
				9057080D1F4EB2AF00D5EC05 /* Main.storyboard */,
				905708101F4EB2AF00D5EC05 /* Assets.xcassets */,
				905708121F4EB2AF00D5EC05 /* LaunchScreen.storyboard */,
				905708151F4EB2AF00D5EC05 /* Info.plist */,
				905708041F4EB2AF00D5EC05 /* Supporting Files */,
			);
			path = XTSample;
			sourceTree = "<group>";
		};
		905708041F4EB2AF00D5EC05 /* Supporting Files */ = {
			isa = PBXGroup;
			children = (
				905708051F4EB2AF00D5EC05 /* main.m */,
			);
			name = "Supporting Files";
			sourceTree = "<group>";
		};
		90AFB4E320197B09001E9DA7 /* Sources */ = {
			isa = PBXGroup;
			children = (
				90AFB4E420197B09001E9DA7 /* Core */,
				90AFB4E520197B09001E9DA7 /* Foundation */,
				90AFB4E620197B09001E9DA7 /* UIKit */,
			);
			path = Sources;
			sourceTree = "<group>";
		};
		90AFB4E420197B09001E9DA7 /* Core */ = {
			isa = PBXGroup;
			children = (
				90EA881C201B2D470012A985 /* xt.core.ios.min.js */,
				90AFB4FF201988A9001E9DA7 /* XTCore.h */,
				90AFB500201988A9001E9DA7 /* XTCore.m */,
				90AFB4EB20197F4E001E9DA7 /* XTComponent.h */,
				90AFB4F220197F4E001E9DA7 /* XTContext.h */,
				90AFB4EE20197F4E001E9DA7 /* XTContext.m */,
				90AFB4ED20197F4E001E9DA7 /* XTDebug.h */,
				90AFB4EC20197F4E001E9DA7 /* XTDebug.m */,
				90AFB4EA20197F4E001E9DA7 /* XTManagedObject.h */,
				90AFB4EF20197F4E001E9DA7 /* XTManagedObject.m */,
				90AFB4E920197F4E001E9DA7 /* XTMemoryManager.h */,
				90AFB4E720197F4E001E9DA7 /* XTMemoryManager.m */,
				90AFB4E820197F4E001E9DA7 /* XTPolyfill.h */,
				90AFB4F020197F4E001E9DA7 /* XTPolyfill.m */,
				90EA881A201B2A0C0012A985 /* XTClassLoader.h */,
				90EA8819201B2A0C0012A985 /* XTClassLoader.m */,
				903211EE2045506800272AEF /* XTFrameworkLoader.h */,
				903211EF2045506800272AEF /* XTFrameworkLoader.m */,
				9001FA76204FEE66005D8736 /* XTBaseObject.h */,
				9001FA792050018D005D8736 /* XTBaseObject.m */,
				90EE56F220562A14006AD6FD /* XTExtObject.h */,
				90EE56F320562A14006AD6FD /* XTExtObject.m */,
			);
			path = Core;
			sourceTree = "<group>";
		};
		90AFB4E520197B09001E9DA7 /* Foundation */ = {
			isa = PBXGroup;
			children = (
				90EA8817201AE5C40012A985 /* xt.foundation.ios.min.js */,
				90EA87F8201AE0F70012A985 /* XTFData.h */,
				90EA880B201AE0F80012A985 /* XTFData.m */,
				90EA87F9201AE0F70012A985 /* XTFFileManager.h */,
				90EA87F6201AE0F70012A985 /* XTFFileManager.m */,
				90EA87FD201AE0F70012A985 /* XTFNotification.h */,
				90EA8804201AE0F80012A985 /* XTFNotification.m */,
				90EA87FB201AE0F70012A985 /* XTFoundationContext.h */,
				90EA8805201AE0F80012A985 /* XTFoundationContext.m */,
				90EA8807201AE0F80012A985 /* XTFURLRequest.h */,
				90EA8809201AE0F80012A985 /* XTFURLRequest.m */,
				90EA8808201AE0F80012A985 /* XTFURLResponse.h */,
				90EA87FC201AE0F70012A985 /* XTFURLResponse.m */,
				90EA87FF201AE0F70012A985 /* XTFURLSession.h */,
				90EA87FE201AE0F70012A985 /* XTFURLSession.m */,
				90EA880A201AE0F80012A985 /* XTFURLSessionTask.h */,
				90EA8800201AE0F70012A985 /* XTFURLSessionTask.m */,
				90EA87F7201AE0F70012A985 /* XTFUserDefaults.h */,
				90EA8802201AE0F80012A985 /* XTFUserDefaults.m */,
				90EA8801201AE0F80012A985 /* XTFWebSocket.h */,
				90EA8803201AE0F80012A985 /* XTFWebSocket.m */,
			);
			path = Foundation;
			sourceTree = "<group>";
		};
		90AFB4E620197B09001E9DA7 /* UIKit */ = {
			isa = PBXGroup;
			children = (
				90EA87F22019C48E0012A985 /* xt.uikit.ios.min.js */,
				90EA87B72019C0BB0012A985 /* XTUIActivityIndicatorView.h */,
				90EA87C12019C0BC0012A985 /* XTUIActivityIndicatorView.m */,
				90EA87D52019C0BF0012A985 /* XTUIButton.h */,
				90EA87B52019C0BB0012A985 /* XTUIButton.m */,
				90EA87AC2019C0BA0012A985 /* XTUICanvasView.h */,
				90EA87B02019C0BA0012A985 /* XTUICanvasView.m */,
				90EA87A12019C0B90012A985 /* XTUIDevice.h */,
				90EA87BD2019C0BB0012A985 /* XTUIDevice.m */,
				90EA87C22019C0BC0012A985 /* XTUIFont.h */,
				90EA87B12019C0BA0012A985 /* XTUIFont.m */,
				90EA87C02019C0BC0012A985 /* XTUIHRView.h */,
				90EA87AB2019C0BA0012A985 /* XTUIHRView.m */,
				90EA87C62019C0BD0012A985 /* XTUIImage.h */,
				90EA87A62019C0B90012A985 /* XTUIImage.m */,
				90EA87BE2019C0BC0012A985 /* XTUIImageView.h */,
				90EA879F2019C0B90012A985 /* XTUIImageView.m */,
				90EA87CA2019C0BD0012A985 /* XTUILabel.h */,
				90EA87D22019C0BE0012A985 /* XTUILabel.m */,
				90EA87CC2019C0BD0012A985 /* XTUILayoutConstraint.h */,
				90EA87C92019C0BD0012A985 /* XTUILayoutConstraint.m */,
				90EA87A42019C0B90012A985 /* XTUIListCell.h */,
				90EA87A72019C0B90012A985 /* XTUIListCell.m */,
				90EA87C72019C0BD0012A985 /* XTUIListView.h */,
				90EA87BB2019C0BB0012A985 /* XTUIListView.m */,
				9001FA702047E001005D8736 /* XTUIRefreshControl.h */,
				9001FA712047E001005D8736 /* XTUIRefreshControl.m */,
				9001FA732047E94E005D8736 /* XTUILoadMoreControl.h */,
				9001FA742047E94E005D8736 /* XTUILoadMoreControl.m */,
				90EA87BC2019C0BB0012A985 /* XTUIModal.h */,
				90EA87C32019C0BC0012A985 /* XTUIModal.m */,
				90EA87C42019C0BC0012A985 /* XTUINavigationBar.h */,
				90EA87B62019C0BB0012A985 /* XTUINavigationBar.m */,
				90EA87B92019C0BB0012A985 /* XTUINavigationController.h */,
				90EA87B32019C0BA0012A985 /* XTUINavigationController.m */,
				90EA87B22019C0BA0012A985 /* XTUIScreen.h */,
				90EA87D32019C0BE0012A985 /* XTUIScreen.m */,
				90EA87BF2019C0BC0012A985 /* XTUIScrollView.h */,
				90EA87A92019C0BA0012A985 /* XTUIScrollView.m */,
				90EA87CE2019C0BE0012A985 /* XTUISlider.h */,
				90EA87CF2019C0BE0012A985 /* XTUISlider.m */,
				90EA87D42019C0BF0012A985 /* XTUISwitch.h */,
				90EA87C52019C0BD0012A985 /* XTUISwitch.m */,
				90EA87D12019C0BE0012A985 /* XTUITextField.h */,
				90EA87BA2019C0BB0012A985 /* XTUITextField.m */,
				90EA87AF2019C0BA0012A985 /* XTUITextMeasurer.h */,
				90EA87AE2019C0BA0012A985 /* XTUITextMeasurer.m */,
				90EA87A52019C0B90012A985 /* XTUITextView.h */,
				90EA879E2019C0B90012A985 /* XTUITextView.m */,
				90EA87A82019C0BA0012A985 /* XTUIUtils.h */,
				90EA87AA2019C0BA0012A985 /* XTUIUtils.m */,
				90EA87A22019C0B90012A985 /* XTUIView.h */,
				90EA87AD2019C0BA0012A985 /* XTUIView.m */,
				90EA87D02019C0BE0012A985 /* XTUIViewController.h */,
				90EA87CB2019C0BD0012A985 /* XTUIViewController.m */,
				90EA87A02019C0B90012A985 /* XTUIWebView.h */,
				90EA87CD2019C0BE0012A985 /* XTUIWebView.m */,
				90EA87A32019C0B90012A985 /* XTUIWindow.h */,
				90EA87B42019C0BA0012A985 /* XTUIWindow.m */,
				90EA879520198F5A0012A985 /* XTUIContext.h */,
				90EA879620198F5A0012A985 /* XTUIContext.m */,
				90EA8799201992850012A985 /* XTUIApplication.h */,
				90EA8798201992850012A985 /* XTUIApplication.m */,
				90EA879B201992860012A985 /* XTUIApplicationDelegate.h */,
				90EA879A201992850012A985 /* XTUIApplicationDelegate.m */,
			);
			path = UIKit;
			sourceTree = "<group>";
		};
		90BB255D1FBC3C4800286398 /* Modulize */ = {
			isa = PBXGroup;
			children = (
				90BB25601FBC3CB100286398 /* ModulizeAppDelegate.h */,
				90BB25611FBC3CB100286398 /* ModulizeAppDelegate.m */,
				90BB25631FBC3D0F00286398 /* ModulizeStartViewController.h */,
				90BB25641FBC3D0F00286398 /* ModulizeStartViewController.m */,
				90BB25651FBC3D0F00286398 /* ModulizeStartViewController.xib */,
			);
			path = Modulize;
			sourceTree = "<group>";
		};
		AF8FAB6A1E94CA03F7B49759 /* Pods */ = {
			isa = PBXGroup;
			children = (
				E2362DDEEAB492E0B2DFC3DA /* Pods-XTSample.debug.xcconfig */,
				25EE665DB52F06D34BBBD159 /* Pods-XTSample.release.xcconfig */,
			);
			name = Pods;
			sourceTree = "<group>";
		};
/* End PBXGroup section */

/* Begin PBXNativeTarget section */
		905708001F4EB2AF00D5EC05 /* XTSample */ = {
			isa = PBXNativeTarget;
			buildConfigurationList = 905708181F4EB2AF00D5EC05 /* Build configuration list for PBXNativeTarget "XTSample" */;
			buildPhases = (
				6C5519EECB82C4AD8AE62E95 /* [CP] Check Pods Manifest.lock */,
				905707FD1F4EB2AF00D5EC05 /* Sources */,
				905707FE1F4EB2AF00D5EC05 /* Frameworks */,
				905707FF1F4EB2AF00D5EC05 /* Resources */,
				1FDE51C03DA0652D11FC8ADF /* [CP] Embed Pods Frameworks */,
				CBA0F8BD7FA809760E133131 /* [CP] Copy Pods Resources */,
			);
			buildRules = (
			);
			dependencies = (
			);
			name = XTSample;
			productName = XTSample;
			productReference = 905708011F4EB2AF00D5EC05 /* XTSample.app */;
			productType = "com.apple.product-type.application";
		};
/* End PBXNativeTarget section */

/* Begin PBXProject section */
		905707F91F4EB2AF00D5EC05 /* Project object */ = {
			isa = PBXProject;
			attributes = {
				CLASSPREFIX = XTR;
				LastUpgradeCheck = 0900;
				ORGANIZATIONNAME = "UED Center, YY Inc.";
				TargetAttributes = {
					905708001F4EB2AF00D5EC05 = {
						CreatedOnToolsVersion = 8.3.2;
						DevelopmentTeam = 8M2FQ87SLP;
						ProvisioningStyle = Automatic;
					};
				};
			};
			buildConfigurationList = 905707FC1F4EB2AF00D5EC05 /* Build configuration list for PBXProject "XTSample" */;
			compatibilityVersion = "Xcode 3.2";
			developmentRegion = English;
			hasScannedForEncodings = 0;
			knownRegions = (
				en,
				Base,
			);
			mainGroup = 905707F81F4EB2AF00D5EC05;
			productRefGroup = 905708021F4EB2AF00D5EC05 /* Products */;
			projectDirPath = "";
			projectRoot = "";
			targets = (
				905708001F4EB2AF00D5EC05 /* XTSample */,
			);
		};
/* End PBXProject section */

/* Begin PBXResourcesBuildPhase section */
		905707FF1F4EB2AF00D5EC05 /* Resources */ = {
			isa = PBXResourcesBuildPhase;
			buildActionMask = 2147483647;
			files = (
				905708141F4EB2AF00D5EC05 /* LaunchScreen.storyboard in Resources */,
				90EA87F5201AD13F0012A985 /* sample.min.js in Resources */,
				90EA87F32019C48F0012A985 /* xt.uikit.ios.min.js in Resources */,
				90EA881D201B2D470012A985 /* xt.core.ios.min.js in Resources */,
				90BB25671FBC3D0F00286398 /* ModulizeStartViewController.xib in Resources */,
				905708111F4EB2AF00D5EC05 /* Assets.xcassets in Resources */,
				9057080F1F4EB2AF00D5EC05 /* Main.storyboard in Resources */,
				90EA8818201AE5C50012A985 /* xt.foundation.ios.min.js in Resources */,
			);
			runOnlyForDeploymentPostprocessing = 0;
		};
/* End PBXResourcesBuildPhase section */

/* Begin PBXShellScriptBuildPhase section */
		1FDE51C03DA0652D11FC8ADF /* [CP] Embed Pods Frameworks */ = {
			isa = PBXShellScriptBuildPhase;
			buildActionMask = 2147483647;
			files = (
			);
			inputPaths = (
			);
			name = "[CP] Embed Pods Frameworks";
			outputPaths = (
			);
			runOnlyForDeploymentPostprocessing = 0;
			shellPath = /bin/sh;
			shellScript = "\"${SRCROOT}/Pods/Target Support Files/Pods-XTSample/Pods-XTSample-frameworks.sh\"\n";
			showEnvVarsInLog = 0;
		};
		6C5519EECB82C4AD8AE62E95 /* [CP] Check Pods Manifest.lock */ = {
			isa = PBXShellScriptBuildPhase;
			buildActionMask = 2147483647;
			files = (
			);
			inputPaths = (
				"${PODS_PODFILE_DIR_PATH}/Podfile.lock",
				"${PODS_ROOT}/Manifest.lock",
			);
			name = "[CP] Check Pods Manifest.lock";
			outputPaths = (
				"$(DERIVED_FILE_DIR)/Pods-XTSample-checkManifestLockResult.txt",
			);
			runOnlyForDeploymentPostprocessing = 0;
			shellPath = /bin/sh;
			shellScript = "diff \"${PODS_PODFILE_DIR_PATH}/Podfile.lock\" \"${PODS_ROOT}/Manifest.lock\" > /dev/null\nif [ $? != 0 ] ; then\n    # print error to STDERR\n    echo \"error: The sandbox is not in sync with the Podfile.lock. Run 'pod install' or update your CocoaPods installation.\" >&2\n    exit 1\nfi\n# This output is used by Xcode 'outputs' to avoid re-running this script phase.\necho \"SUCCESS\" > \"${SCRIPT_OUTPUT_FILE_0}\"\n";
			showEnvVarsInLog = 0;
		};
		CBA0F8BD7FA809760E133131 /* [CP] Copy Pods Resources */ = {
			isa = PBXShellScriptBuildPhase;
			buildActionMask = 2147483647;
			files = (
			);
			inputPaths = (
				"${SRCROOT}/Pods/Target Support Files/Pods-XTSample/Pods-XTSample-resources.sh",
				"${PODS_ROOT}/XT-Polyfill/ios/Source/es6-promise.auto.min.js",
			);
			name = "[CP] Copy Pods Resources";
			outputPaths = (
				"${TARGET_BUILD_DIR}/${UNLOCALIZED_RESOURCES_FOLDER_PATH}",
			);
			runOnlyForDeploymentPostprocessing = 0;
			shellPath = /bin/sh;
			shellScript = "\"${SRCROOT}/Pods/Target Support Files/Pods-XTSample/Pods-XTSample-resources.sh\"\n";
			showEnvVarsInLog = 0;
		};
/* End PBXShellScriptBuildPhase section */

/* Begin PBXSourcesBuildPhase section */
		905707FD1F4EB2AF00D5EC05 /* Sources */ = {
			isa = PBXSourcesBuildPhase;
			buildActionMask = 2147483647;
			files = (
				90EA8812201AE0F80012A985 /* XTFNotification.m in Sources */,
				90EA879C201992860012A985 /* XTUIApplication.m in Sources */,
				90EA87E32019C0BF0012A985 /* XTUIButton.m in Sources */,
				90EA87F02019C0BF0012A985 /* XTUILabel.m in Sources */,
				90EA87DA2019C0BF0012A985 /* XTUIScrollView.m in Sources */,
				90EA87E42019C0BF0012A985 /* XTUINavigationBar.m in Sources */,
				90EA87DD2019C0BF0012A985 /* XTUIView.m in Sources */,
				90AFB4F620197F4E001E9DA7 /* XTManagedObject.m in Sources */,
				90EA8810201AE0F80012A985 /* XTFUserDefaults.m in Sources */,
				90EA87D92019C0BF0012A985 /* XTUIListCell.m in Sources */,
				90EA881B201B2A0C0012A985 /* XTClassLoader.m in Sources */,
				90AFB4F320197F4E001E9DA7 /* XTMemoryManager.m in Sources */,
				90EA880E201AE0F80012A985 /* XTFURLSession.m in Sources */,
				90EA87D72019C0BF0012A985 /* XTUIImageView.m in Sources */,
				90EA87D82019C0BF0012A985 /* XTUIImage.m in Sources */,
				90BB25661FBC3D0F00286398 /* ModulizeStartViewController.m in Sources */,
				90EA87DC2019C0BF0012A985 /* XTUIHRView.m in Sources */,
				90EA87E72019C0BF0012A985 /* XTUIDevice.m in Sources */,
				90EA87E12019C0BF0012A985 /* XTUINavigationController.m in Sources */,
				903211F02045506800272AEF /* XTFrameworkLoader.m in Sources */,
				90EA87EC2019C0BF0012A985 /* XTUILayoutConstraint.m in Sources */,
				90EA880C201AE0F80012A985 /* XTFFileManager.m in Sources */,
				9001FA722047E001005D8736 /* XTUIRefreshControl.m in Sources */,
				90EA87DB2019C0BF0012A985 /* XTUIUtils.m in Sources */,
				9001FA7A2050018E005D8736 /* XTBaseObject.m in Sources */,
				90EA8820201B2FBC0012A985 /* FooClass.m in Sources */,
				90EA87E62019C0BF0012A985 /* XTUIListView.m in Sources */,
				90EA87D62019C0BF0012A985 /* XTUITextView.m in Sources */,
				90EA8813201AE0F80012A985 /* XTFoundationContext.m in Sources */,
				90AFB501201988A9001E9DA7 /* XTCore.m in Sources */,
				90EA87DF2019C0BF0012A985 /* XTUICanvasView.m in Sources */,
				90EA87DE2019C0BF0012A985 /* XTUITextMeasurer.m in Sources */,
				90EA87E02019C0BF0012A985 /* XTUIFont.m in Sources */,
				90EA880D201AE0F80012A985 /* XTFURLResponse.m in Sources */,
				90EA8816201AE0F80012A985 /* XTFData.m in Sources */,
				90EA87E22019C0BF0012A985 /* XTUIWindow.m in Sources */,
				90EA879720198F5A0012A985 /* XTUIContext.m in Sources */,
				90EA879D201992860012A985 /* XTUIApplicationDelegate.m in Sources */,
				90EA87F12019C0BF0012A985 /* XTUIScreen.m in Sources */,
				905708061F4EB2AF00D5EC05 /* main.m in Sources */,
				90EA87E82019C0BF0012A985 /* XTUIActivityIndicatorView.m in Sources */,
				90AFB4F520197F4E001E9DA7 /* XTContext.m in Sources */,
				90EA87EA2019C0BF0012A985 /* XTUISwitch.m in Sources */,
				90EA87ED2019C0BF0012A985 /* XTUIViewController.m in Sources */,
				90EA8815201AE0F80012A985 /* XTFURLRequest.m in Sources */,
				90BB25621FBC3CB100286398 /* ModulizeAppDelegate.m in Sources */,
				90EA87E52019C0BF0012A985 /* XTUITextField.m in Sources */,
				90EA87E92019C0BF0012A985 /* XTUIModal.m in Sources */,
				90EA880F201AE0F80012A985 /* XTFURLSessionTask.m in Sources */,
				9001FA752047E94E005D8736 /* XTUILoadMoreControl.m in Sources */,
				90EA87EE2019C0BF0012A985 /* XTUIWebView.m in Sources */,
				90AFB4F720197F4E001E9DA7 /* XTPolyfill.m in Sources */,
				90EE56F420562A14006AD6FD /* XTExtObject.m in Sources */,
				90EA87EF2019C0BF0012A985 /* XTUISlider.m in Sources */,
				90EA8811201AE0F80012A985 /* XTFWebSocket.m in Sources */,
				90AFB4F420197F4E001E9DA7 /* XTDebug.m in Sources */,
			);
			runOnlyForDeploymentPostprocessing = 0;
		};
/* End PBXSourcesBuildPhase section */

/* Begin PBXVariantGroup section */
		9057080D1F4EB2AF00D5EC05 /* Main.storyboard */ = {
			isa = PBXVariantGroup;
			children = (
				9057080E1F4EB2AF00D5EC05 /* Base */,
			);
			name = Main.storyboard;
			sourceTree = "<group>";
		};
		905708121F4EB2AF00D5EC05 /* LaunchScreen.storyboard */ = {
			isa = PBXVariantGroup;
			children = (
				905708131F4EB2AF00D5EC05 /* Base */,
			);
			name = LaunchScreen.storyboard;
			sourceTree = "<group>";
		};
/* End PBXVariantGroup section */

/* Begin XCBuildConfiguration section */
		905708161F4EB2AF00D5EC05 /* Debug */ = {
			isa = XCBuildConfiguration;
			buildSettings = {
				ALWAYS_SEARCH_USER_PATHS = NO;
				CLANG_ANALYZER_NONNULL = YES;
				CLANG_ANALYZER_NUMBER_OBJECT_CONVERSION = YES_AGGRESSIVE;
				CLANG_CXX_LANGUAGE_STANDARD = "gnu++0x";
				CLANG_CXX_LIBRARY = "libc++";
				CLANG_ENABLE_MODULES = YES;
				CLANG_ENABLE_OBJC_ARC = YES;
				CLANG_WARN_BLOCK_CAPTURE_AUTORELEASING = YES;
				CLANG_WARN_BOOL_CONVERSION = YES;
				CLANG_WARN_COMMA = YES;
				CLANG_WARN_CONSTANT_CONVERSION = YES;
				CLANG_WARN_DIRECT_OBJC_ISA_USAGE = YES_ERROR;
				CLANG_WARN_DOCUMENTATION_COMMENTS = YES;
				CLANG_WARN_EMPTY_BODY = YES;
				CLANG_WARN_ENUM_CONVERSION = YES;
				CLANG_WARN_INFINITE_RECURSION = YES;
				CLANG_WARN_INT_CONVERSION = YES;
				CLANG_WARN_NON_LITERAL_NULL_CONVERSION = YES;
				CLANG_WARN_OBJC_LITERAL_CONVERSION = YES;
				CLANG_WARN_OBJC_ROOT_CLASS = YES_ERROR;
				CLANG_WARN_RANGE_LOOP_ANALYSIS = YES;
				CLANG_WARN_STRICT_PROTOTYPES = YES;
				CLANG_WARN_SUSPICIOUS_MOVE = YES;
				CLANG_WARN_UNREACHABLE_CODE = YES;
				CLANG_WARN__DUPLICATE_METHOD_MATCH = YES;
				"CODE_SIGN_IDENTITY[sdk=iphoneos*]" = "iPhone Developer";
				COPY_PHASE_STRIP = NO;
				DEBUG_INFORMATION_FORMAT = dwarf;
				ENABLE_STRICT_OBJC_MSGSEND = YES;
				ENABLE_TESTABILITY = YES;
				GCC_C_LANGUAGE_STANDARD = gnu99;
				GCC_DYNAMIC_NO_PIC = NO;
				GCC_NO_COMMON_BLOCKS = YES;
				GCC_OPTIMIZATION_LEVEL = 0;
				GCC_PREPROCESSOR_DEFINITIONS = (
					"DEBUG=1",
					"$(inherited)",
				);
				GCC_WARN_64_TO_32_BIT_CONVERSION = YES;
				GCC_WARN_ABOUT_RETURN_TYPE = YES_ERROR;
				GCC_WARN_UNDECLARED_SELECTOR = YES;
				GCC_WARN_UNINITIALIZED_AUTOS = YES_AGGRESSIVE;
				GCC_WARN_UNUSED_FUNCTION = YES;
				GCC_WARN_UNUSED_VARIABLE = YES;
				IPHONEOS_DEPLOYMENT_TARGET = 11.2;
				MTL_ENABLE_DEBUG_INFO = YES;
				ONLY_ACTIVE_ARCH = YES;
				SDKROOT = iphoneos;
			};
			name = Debug;
		};
		905708171F4EB2AF00D5EC05 /* Release */ = {
			isa = XCBuildConfiguration;
			buildSettings = {
				ALWAYS_SEARCH_USER_PATHS = NO;
				CLANG_ANALYZER_NONNULL = YES;
				CLANG_ANALYZER_NUMBER_OBJECT_CONVERSION = YES_AGGRESSIVE;
				CLANG_CXX_LANGUAGE_STANDARD = "gnu++0x";
				CLANG_CXX_LIBRARY = "libc++";
				CLANG_ENABLE_MODULES = YES;
				CLANG_ENABLE_OBJC_ARC = YES;
				CLANG_WARN_BLOCK_CAPTURE_AUTORELEASING = YES;
				CLANG_WARN_BOOL_CONVERSION = YES;
				CLANG_WARN_COMMA = YES;
				CLANG_WARN_CONSTANT_CONVERSION = YES;
				CLANG_WARN_DIRECT_OBJC_ISA_USAGE = YES_ERROR;
				CLANG_WARN_DOCUMENTATION_COMMENTS = YES;
				CLANG_WARN_EMPTY_BODY = YES;
				CLANG_WARN_ENUM_CONVERSION = YES;
				CLANG_WARN_INFINITE_RECURSION = YES;
				CLANG_WARN_INT_CONVERSION = YES;
				CLANG_WARN_NON_LITERAL_NULL_CONVERSION = YES;
				CLANG_WARN_OBJC_LITERAL_CONVERSION = YES;
				CLANG_WARN_OBJC_ROOT_CLASS = YES_ERROR;
				CLANG_WARN_RANGE_LOOP_ANALYSIS = YES;
				CLANG_WARN_STRICT_PROTOTYPES = YES;
				CLANG_WARN_SUSPICIOUS_MOVE = YES;
				CLANG_WARN_UNREACHABLE_CODE = YES;
				CLANG_WARN__DUPLICATE_METHOD_MATCH = YES;
				"CODE_SIGN_IDENTITY[sdk=iphoneos*]" = "iPhone Developer";
				COPY_PHASE_STRIP = NO;
				DEBUG_INFORMATION_FORMAT = "dwarf-with-dsym";
				ENABLE_NS_ASSERTIONS = NO;
				ENABLE_STRICT_OBJC_MSGSEND = YES;
				GCC_C_LANGUAGE_STANDARD = gnu99;
				GCC_NO_COMMON_BLOCKS = YES;
				GCC_WARN_64_TO_32_BIT_CONVERSION = YES;
				GCC_WARN_ABOUT_RETURN_TYPE = YES_ERROR;
				GCC_WARN_UNDECLARED_SELECTOR = YES;
				GCC_WARN_UNINITIALIZED_AUTOS = YES_AGGRESSIVE;
				GCC_WARN_UNUSED_FUNCTION = YES;
				GCC_WARN_UNUSED_VARIABLE = YES;
				IPHONEOS_DEPLOYMENT_TARGET = 11.2;
				MTL_ENABLE_DEBUG_INFO = NO;
				SDKROOT = iphoneos;
				VALIDATE_PRODUCT = YES;
			};
			name = Release;
		};
		905708191F4EB2AF00D5EC05 /* Debug */ = {
			isa = XCBuildConfiguration;
			baseConfigurationReference = E2362DDEEAB492E0B2DFC3DA /* Pods-XTSample.debug.xcconfig */;
			buildSettings = {
				ASSETCATALOG_COMPILER_APPICON_NAME = AppIcon;
				CLANG_WARN_UNGUARDED_AVAILABILITY = YES;
				DEVELOPMENT_TEAM = 8M2FQ87SLP;
				GCC_PREPROCESSOR_DEFINITIONS = (
					"$(inherited)",
					"COCOAPODS=1",
					"LOGDEALLOC=1",
				);
				INFOPLIST_FILE = XTSample/Info.plist;
				IPHONEOS_DEPLOYMENT_TARGET = 8.0;
				LD_RUNPATH_SEARCH_PATHS = "$(inherited) @executable_path/Frameworks";
				PRODUCT_BUNDLE_IDENTIFIER = com.opensource.XTSample;
				PRODUCT_NAME = "$(TARGET_NAME)";
			};
			name = Debug;
		};
		9057081A1F4EB2AF00D5EC05 /* Release */ = {
			isa = XCBuildConfiguration;
			baseConfigurationReference = 25EE665DB52F06D34BBBD159 /* Pods-XTSample.release.xcconfig */;
			buildSettings = {
				ASSETCATALOG_COMPILER_APPICON_NAME = AppIcon;
				CLANG_WARN_UNGUARDED_AVAILABILITY = YES;
				DEVELOPMENT_TEAM = 8M2FQ87SLP;
				INFOPLIST_FILE = XTSample/Info.plist;
				IPHONEOS_DEPLOYMENT_TARGET = 8.0;
				LD_RUNPATH_SEARCH_PATHS = "$(inherited) @executable_path/Frameworks";
				PRODUCT_BUNDLE_IDENTIFIER = com.opensource.XTSample;
				PRODUCT_NAME = "$(TARGET_NAME)";
			};
			name = Release;
		};
/* End XCBuildConfiguration section */

/* Begin XCConfigurationList section */
		905707FC1F4EB2AF00D5EC05 /* Build configuration list for PBXProject "XTSample" */ = {
			isa = XCConfigurationList;
			buildConfigurations = (
				905708161F4EB2AF00D5EC05 /* Debug */,
				905708171F4EB2AF00D5EC05 /* Release */,
			);
			defaultConfigurationIsVisible = 0;
			defaultConfigurationName = Release;
		};
		905708181F4EB2AF00D5EC05 /* Build configuration list for PBXNativeTarget "XTSample" */ = {
			isa = XCConfigurationList;
			buildConfigurations = (
				905708191F4EB2AF00D5EC05 /* Debug */,
				9057081A1F4EB2AF00D5EC05 /* Release */,
			);
			defaultConfigurationIsVisible = 0;
			defaultConfigurationName = Release;
		};
/* End XCConfigurationList section */
	};
	rootObject = 905707F91F4EB2AF00D5EC05 /* Project object */;
}
