PODS:
  - CocoaSecurity (1.2.4)
  - MBProgressHUD (1.1.0)
  - SocketRocket (0.5.1)
  - YYCache (1.0.4)
  - YYImage (1.0.4):
    - YYImage/Core (= 1.0.4)
  - YYImage/Core (1.0.4)
  - YYWebImage (1.0.5):
    - YYCache
    - YYImage

DEPENDENCIES:
  - CocoaSecurity
  - MBProgressHUD
  - SocketRocket
  - YYWebImage

SPEC CHECKSUMS:
  CocoaSecurity: d288a6f87e0f363823d2cb83e753814a6944f71a
  MBProgressHUD: e7baa36a220447d8aeb12769bf0585582f3866d9
  SocketRocket: d57c7159b83c3c6655745cd15302aa24b6bae531
  YYCache: 8105b6638f5e849296c71f331ff83891a4942952
  YYImage: 1e1b62a9997399593e4b9c4ecfbbabbf1d3f3b54
  YYWebImage: 5f7f36aee2ae293f016d418c7d6ba05c4863e928

PODFILE CHECKSUM: db2c015d119a2927314d256b45ee7eea2861283f

COCOAPODS: 1.4.0
